# This file is autogenerated, do not edit; changes may be undone by the next 'dep ensure'.


[[projects]]
  name = "bitbucket.org/greedygame/slice-north-star"
  packages = [
    "common",
    "geoname",
    "maxmind",
    "northstar"
  ]
  revision = "54a1e4a5a739f4039906c6ddf30d8f05d707b30b"
  version = "v2"

[[projects]]
  branch = "master"
  name = "github.com/beorn7/perks"
  packages = ["quantile"]
  revision = "3a771d992973f24aa725d07868b467d1ddfceafb"

[[projects]]
  name = "github.com/go-kit/kit"
  packages = [
    "endpoint",
    "log",
    "metrics",
    "metrics/internal/lv",
    "metrics/prometheus",
    "transport/http"
  ]
  revision = "12210fb6ace19e0496167bb3e667dcd91fa9f69b"
  version = "v0.8.0"

[[projects]]
  name = "github.com/go-logfmt/logfmt"
  packages = ["."]
  revision = "07c9b44f60d7ffdfb7d8efe1ad539965737836dc"
  version = "v0.4.0"

[[projects]]
  name = "github.com/go-redis/redis"
  packages = [
    ".",
    "internal",
    "internal/consistenthash",
    "internal/hashtag",
    "internal/pool",
    "internal/proto",
    "internal/util"
  ]
  revision = "d22fde8721cc915a55aeb6b00944a76a92bfeb6e"
  version = "v6.15.2"

[[projects]]
  name = "github.com/golang/protobuf"
  packages = ["proto"]
  revision = "c823c79ea1570fb5ff454033735a8e68575d1d0f"
  version = "v1.3.0"

[[projects]]
  name = "github.com/gorilla/mux"
  packages = ["."]
  revision = "a7962380ca08b5a188038c69871b8d3fbdf31e89"
  version = "v1.7.0"

[[projects]]
  branch = "master"
  name = "github.com/kr/logfmt"
  packages = ["."]
  revision = "b84e30acd515aadc4b783ad4ff83aff3299bdfe0"

[[projects]]
  branch = "master"
  name = "github.com/lestrrat-go/strftime"
  packages = ["."]
  revision = "8b31f9c59b0feb56c456ce49a7b3d2b2e93a6f18"

[[projects]]
  name = "github.com/matttproud/golang_protobuf_extensions"
  packages = ["pbutil"]
  revision = "c12348ce28de40eed0136aa2b644d0ee0650e56c"
  version = "v1.0.1"

[[projects]]
  name = "github.com/oschwald/geoip2-golang"
  packages = ["."]
  revision = "7118115686e16b77967cdbf55d1b944fe14ad312"
  version = "v1.2.1"

[[projects]]
  name = "github.com/oschwald/maxminddb-golang"
  packages = ["."]
  revision = "c5bec84d1963260297932a1b7a1753c8420717a7"
  version = "v1.3.0"

[[projects]]
  name = "github.com/pkg/errors"
  packages = ["."]
  revision = "ba968bfe8b2f7e042a574c888954fccecfa385b4"
  version = "v0.8.1"

[[projects]]
  name = "github.com/prometheus/client_golang"
  packages = [
    "prometheus",
    "prometheus/internal",
    "prometheus/promhttp"
  ]
  revision = "505eaef017263e299324067d40ca2c48f6a2cf50"
  version = "v0.9.2"

[[projects]]
  branch = "master"
  name = "github.com/prometheus/client_model"
  packages = ["go"]
  revision = "fd36f4220a901265f90734c3183c5f0c91daa0b8"

[[projects]]
  name = "github.com/prometheus/common"
  packages = [
    "expfmt",
    "internal/bitbucket.org/ww/goautoneg",
    "model"
  ]
  revision = "cfeb6f9992ffa54aaa4f2170ade4067ee478b250"
  version = "v0.2.0"

[[projects]]
  branch = "master"
  name = "github.com/prometheus/procfs"
  packages = [
    ".",
    "internal/util",
    "iostats",
    "nfs",
    "xfs"
  ]
  revision = "bbced9601137e764853b2fad7ec3e2dc4c504e02"

[[projects]]
  branch = "master"
  name = "github.com/sankalpjonn/pen"
  packages = ["."]
  revision = "30c48f5a7e206aa70a0709a7cf5e1d7e9f51dca1"

[[projects]]
  branch = "master"
  name = "github.com/tidwall/btree"
  packages = ["."]
  revision = "9876f1454cf0993a53d74c27196993e345f50dd1"

[[projects]]
  name = "github.com/tidwall/buntdb"
  packages = ["."]
  revision = "2da7c106683f522198cdf55ed8db42b374de50d7"
  version = "v1.0.0"

[[projects]]
  name = "github.com/tidwall/gjson"
  packages = ["."]
  revision = "eee0b6226f0d1db2675a176fdfaa8419bcad4ca8"
  version = "v1.2.1"

[[projects]]
  branch = "master"
  name = "github.com/tidwall/grect"
  packages = ["."]
  revision = "ba9a043346eba55344e40d66a5e74cfda3a9d293"

[[projects]]
  name = "github.com/tidwall/match"
  packages = ["."]
  revision = "33827db735fff6510490d69a8622612558a557ed"
  version = "v1.0.1"

[[projects]]
  branch = "master"
  name = "github.com/tidwall/pretty"
  packages = ["."]
  revision = "65a9db5fad5105a89e17f38adcc9878685be6d78"

[[projects]]
  branch = "master"
  name = "github.com/tidwall/rtree"
  packages = [
    ".",
    "base"
  ]
  revision = "6cd427091e0e662cb4f8e2c9eb1a41e1c46ff0d3"

[[projects]]
  branch = "master"
  name = "github.com/tidwall/tinyqueue"
  packages = ["."]
  revision = "1e39f55115634cad2c504631c8bfcc292f2c9c55"

[[projects]]
  branch = "master"
  name = "golang.org/x/sys"
  packages = [
    "unix",
    "windows"
  ]
  revision = "775f8194d0f9e65c46913c7be783d3d95a29333c"

[solve-meta]
  analyzer-name = "dep"
  analyzer-version = 1
  inputs-digest = "36d6af900e539537d1e1cc8017a4b98ba819b5497f47bc5578bf41c944f9d0aa"
  solver-name = "gps-cdcl"
  solver-version = 1
